
Microsoft Visual Studio Solution File, Format Version 12.00
# Visual Studio 14
VisualStudioVersion = 14.0.25420.1
MinimumVisualStudioVersion = 10.0.40219.1
Project("{FAE04EC0-301F-11D3-BF4B-00C04F79EFBC}") = "LaksaCsharp", "LaksaCsharp\LaksaCsharp.csproj", "{A0CC8D48-9107-4177-AA0C-A80F8EA14E94}"
EndProject
Project("{FAE04EC0-301F-11D3-BF4B-00C04F79EFBC}") = "LaksaTest", "LaksaTest\LaksaTest.csproj", "{CBC7D2AB-8E7B-4D00-BDD4-7170380AF175}"
EndProject
Project("{FAE04EC0-301F-11D3-BF4B-00C04F79EFBC}") = "KeyStore", "KeyStore\KeyStore.csproj", "{6898615A-690F-41B5-A247-E9C4A91C1355}"
EndProject
Project("{FAE04EC0-301F-11D3-BF4B-00C04F79EFBC}") = "Hex", "Hex\Hex.csproj", "{A485DB62-9AE0-4886-B5FA-660B725F8DB5}"
EndProject
Project("{FAE04EC0-301F-11D3-BF4B-00C04F79EFBC}") = "Signer", "Signer\Signer.csproj", "{257B8AEC-16BF-4434-8422-2C21353DD74D}"
EndProject
Project("{FAE04EC0-301F-11D3-BF4B-00C04F79EFBC}") = "RLP", "RLP\RLP.csproj", "{C56C1D93-B411-4727-B320-E55EF021E644}"
EndProject
Global
	GlobalSection(SolutionConfigurationPlatforms) = preSolution
		Debug|Any CPU = Debug|Any CPU
		Release|Any CPU = Release|Any CPU
	EndGlobalSection
	GlobalSection(ProjectConfigurationPlatforms) = postSolution
		{A0CC8D48-9107-4177-AA0C-A80F8EA14E94}.Debug|Any CPU.ActiveCfg = Debug|Any CPU
		{A0CC8D48-9107-4177-AA0C-A80F8EA14E94}.Debug|Any CPU.Build.0 = Debug|Any CPU
		{A0CC8D48-9107-4177-AA0C-A80F8EA14E94}.Release|Any CPU.ActiveCfg = Release|Any CPU
		{A0CC8D48-9107-4177-AA0C-A80F8EA14E94}.Release|Any CPU.Build.0 = Release|Any CPU
		{CBC7D2AB-8E7B-4D00-BDD4-7170380AF175}.Debug|Any CPU.ActiveCfg = Debug|Any CPU
		{CBC7D2AB-8E7B-4D00-BDD4-7170380AF175}.Debug|Any CPU.Build.0 = Debug|Any CPU
		{CBC7D2AB-8E7B-4D00-BDD4-7170380AF175}.Release|Any CPU.ActiveCfg = Release|Any CPU
		{CBC7D2AB-8E7B-4D00-BDD4-7170380AF175}.Release|Any CPU.Build.0 = Release|Any CPU
		{6898615A-690F-41B5-A247-E9C4A91C1355}.Debug|Any CPU.ActiveCfg = Debug|Any CPU
		{6898615A-690F-41B5-A247-E9C4A91C1355}.Debug|Any CPU.Build.0 = Debug|Any CPU
		{6898615A-690F-41B5-A247-E9C4A91C1355}.Release|Any CPU.ActiveCfg = Release|Any CPU
		{6898615A-690F-41B5-A247-E9C4A91C1355}.Release|Any CPU.Build.0 = Release|Any CPU
		{A485DB62-9AE0-4886-B5FA-660B725F8DB5}.Debug|Any CPU.ActiveCfg = Debug|Any CPU
		{A485DB62-9AE0-4886-B5FA-660B725F8DB5}.Debug|Any CPU.Build.0 = Debug|Any CPU
		{A485DB62-9AE0-4886-B5FA-660B725F8DB5}.Release|Any CPU.ActiveCfg = Release|Any CPU
		{A485DB62-9AE0-4886-B5FA-660B725F8DB5}.Release|Any CPU.Build.0 = Release|Any CPU
		{257B8AEC-16BF-4434-8422-2C21353DD74D}.Debug|Any CPU.ActiveCfg = Debug|Any CPU
		{257B8AEC-16BF-4434-8422-2C21353DD74D}.Debug|Any CPU.Build.0 = Debug|Any CPU
		{257B8AEC-16BF-4434-8422-2C21353DD74D}.Release|Any CPU.ActiveCfg = Release|Any CPU
		{257B8AEC-16BF-4434-8422-2C21353DD74D}.Release|Any CPU.Build.0 = Release|Any CPU
		{C56C1D93-B411-4727-B320-E55EF021E644}.Debug|Any CPU.ActiveCfg = Debug|Any CPU
		{C56C1D93-B411-4727-B320-E55EF021E644}.Debug|Any CPU.Build.0 = Debug|Any CPU
		{C56C1D93-B411-4727-B320-E55EF021E644}.Release|Any CPU.ActiveCfg = Release|Any CPU
		{C56C1D93-B411-4727-B320-E55EF021E644}.Release|Any CPU.Build.0 = Release|Any CPU
	EndGlobalSection
	GlobalSection(SolutionProperties) = preSolution
		HideSolutionNode = FALSE
	EndGlobalSection
EndGlobal
